
Microsoft Visual Studio Solution File, Format Version 12.00
# Visual Studio 14
VisualStudioVersion = 14.0.24720.0
MinimumVisualStudioVersion = 10.0.40219.1
Project("{FAE04EC0-301F-11D3-BF4B-00C04F79EFBC}") = "Lexm.Core", "Lexm.Core\Lexm.Core.csproj", "{D962072D-45C6-4E59-A3F5-3794EDD5A45F}"
EndProject
Project("{FAE04EC0-301F-11D3-BF4B-00C04F79EFBC}") = "Lexm.Test", "Lexm.Test\Lexm.Test.csproj", "{8A9273A6-24EB-42E4-8118-77D0DDB5E2CC}"
EndProject
Project("{FAE04EC0-301F-11D3-BF4B-00C04F79EFBC}") = "Lexm.Web", "Lexm.Web\Lexm.Web.csproj", "{7B2B3882-CD65-45D7-9F82-2362A82C6219}"
EndProject
Global
	GlobalSection(SolutionConfigurationPlatforms) = preSolution
		Debug|Any CPU = Debug|Any CPU
		Release|Any CPU = Release|Any CPU
	EndGlobalSection
	GlobalSection(ProjectConfigurationPlatforms) = postSolution
		{D962072D-45C6-4E59-A3F5-3794EDD5A45F}.Debug|Any CPU.ActiveCfg = Debug|Any CPU
		{D962072D-45C6-4E59-A3F5-3794EDD5A45F}.Debug|Any CPU.Build.0 = Debug|Any CPU
		{D962072D-45C6-4E59-A3F5-3794EDD5A45F}.Release|Any CPU.ActiveCfg = Release|Any CPU
		{D962072D-45C6-4E59-A3F5-3794EDD5A45F}.Release|Any CPU.Build.0 = Release|Any CPU
		{8A9273A6-24EB-42E4-8118-77D0DDB5E2CC}.Debug|Any CPU.ActiveCfg = Debug|Any CPU
		{8A9273A6-24EB-42E4-8118-77D0DDB5E2CC}.Debug|Any CPU.Build.0 = Debug|Any CPU
		{8A9273A6-24EB-42E4-8118-77D0DDB5E2CC}.Release|Any CPU.ActiveCfg = Release|Any CPU
		{8A9273A6-24EB-42E4-8118-77D0DDB5E2CC}.Release|Any CPU.Build.0 = Release|Any CPU
		{7B2B3882-CD65-45D7-9F82-2362A82C6219}.Debug|Any CPU.ActiveCfg = Debug|Any CPU
		{7B2B3882-CD65-45D7-9F82-2362A82C6219}.Debug|Any CPU.Build.0 = Debug|Any CPU
		{7B2B3882-CD65-45D7-9F82-2362A82C6219}.Release|Any CPU.ActiveCfg = Release|Any CPU
		{7B2B3882-CD65-45D7-9F82-2362A82C6219}.Release|Any CPU.Build.0 = Release|Any CPU
	EndGlobalSection
	GlobalSection(SolutionProperties) = preSolution
		HideSolutionNode = FALSE
	EndGlobalSection
EndGlobal
